# This file is automatically @generated by Cargo.
# It is not intended for manual editing.
[[package]]
name = "fastrand"
version = "1.3.5"
source = "registry+https://github.com/rust-lang/crates.io-index"
checksum = "5c85295147490b8fcf2ea3d104080a105a8b2c63f9c319e82c02d8e952388919"

[[package]]
name = "heaps"
version = "0.1.0"
dependencies = [
 "fastrand",
]
